// !$*UTF8*$!
{
	archiveVersion = 1;
	classes = {
	};
	objectVersion = 56;
	objects = {

/* Begin PBXBuildFile section */
		7A221D0E2900726200DC949F /* AppError.swift in Sources */ = {isa = PBXBuildFile; fileRef = 7A221D0D2900726200DC949F /* AppError.swift */; };
		7A25ECE028F83F6700B2396A /* MixboardApp.swift in Sources */ = {isa = PBXBuildFile; fileRef = 7A25ECDF28F83F6700B2396A /* MixboardApp.swift */; };
		7A25ECE228F83F6700B2396A /* MashupView.swift in Sources */ = {isa = PBXBuildFile; fileRef = 7A25ECE128F83F6700B2396A /* MashupView.swift */; };
		7A25ECE428F83F6800B2396A /* Assets.xcassets in Resources */ = {isa = PBXBuildFile; fileRef = 7A25ECE328F83F6800B2396A /* Assets.xcassets */; };
		7A25ECE728F83F6800B2396A /* Preview Assets.xcassets in Resources */ = {isa = PBXBuildFile; fileRef = 7A25ECE628F83F6800B2396A /* Preview Assets.xcassets */; };
		7A25ECEE28F83F9C00B2396A /* UserLibraryView.swift in Sources */ = {isa = PBXBuildFile; fileRef = 7A25ECED28F83F9C00B2396A /* UserLibraryView.swift */; };
		7A25ECF028F83FA800B2396A /* LibraryView.swift in Sources */ = {isa = PBXBuildFile; fileRef = 7A25ECEF28F83FA800B2396A /* LibraryView.swift */; };
		7A25ECF228F83FB500B2396A /* ToolbarView.swift in Sources */ = {isa = PBXBuildFile; fileRef = 7A25ECF128F83FB500B2396A /* ToolbarView.swift */; };
		7A25ECF428F83FD800B2396A /* TracksView.swift in Sources */ = {isa = PBXBuildFile; fileRef = 7A25ECF328F83FD800B2396A /* TracksView.swift */; };
		7A25ECF828F84DE600B2396A /* Spotify.swift in Sources */ = {isa = PBXBuildFile; fileRef = 7A25ECF728F84DE600B2396A /* Spotify.swift */; };
		7A25ECFA28F84EC500B2396A /* Library.swift in Sources */ = {isa = PBXBuildFile; fileRef = 7A25ECF928F84EC500B2396A /* Library.swift */; };
		7A25ED0028F8942800B2396A /* SongCardView.swift in Sources */ = {isa = PBXBuildFile; fileRef = 7A25ECFF28F8942800B2396A /* SongCardView.swift */; };
		7A25ED0528F8A27700B2396A /* SpotifyViewModel.swift in Sources */ = {isa = PBXBuildFile; fileRef = 7A25ED0428F8A27700B2396A /* SpotifyViewModel.swift */; };
		7A25ED0728F8A41F00B2396A /* Extensions.swift in Sources */ = {isa = PBXBuildFile; fileRef = 7A25ED0628F8A41F00B2396A /* Extensions.swift */; };
		7A25ED0928F8E51600B2396A /* ImageView.swift in Sources */ = {isa = PBXBuildFile; fileRef = 7A25ED0828F8E51600B2396A /* ImageView.swift */; };
		7A25ED0B28F8E65600B2396A /* ImageViewModel.swift in Sources */ = {isa = PBXBuildFile; fileRef = 7A25ED0A28F8E65600B2396A /* ImageViewModel.swift */; };
		7A3291792901B946007AF70F /* LuckyMeTemplates.json in Resources */ = {isa = PBXBuildFile; fileRef = 7A3291782901B946007AF70F /* LuckyMeTemplates.json */; };
		7A32917B2901C769007AF70F /* LuckyMeTemplates.swift in Sources */ = {isa = PBXBuildFile; fileRef = 7A32917A2901C769007AF70F /* LuckyMeTemplates.swift */; };
		7A32917D2901CBB7007AF70F /* LuckyMeManager.swift in Sources */ = {isa = PBXBuildFile; fileRef = 7A32917C2901CBB7007AF70F /* LuckyMeManager.swift */; };
		7A75C323290D87A000AB2134 /* Audio.swift in Sources */ = {isa = PBXBuildFile; fileRef = 7A75C322290D87A000AB2134 /* Audio.swift */; };
		7A8AD5442906F059001AE70F /* HapticManager.swift in Sources */ = {isa = PBXBuildFile; fileRef = 7A8AD5432906F059001AE70F /* HapticManager.swift */; };
		7AED711F28F99D1300336B56 /* LibraryViewModel.swift in Sources */ = {isa = PBXBuildFile; fileRef = 7AED711E28F99D1300336B56 /* LibraryViewModel.swift */; };
		7AED712128F9CF4A00336B56 /* songExample.json in Resources */ = {isa = PBXBuildFile; fileRef = 7AED712028F9CF4A00336B56 /* songExample.json */; };
		7AED712528F9D3D100336B56 /* libraryExample.json in Resources */ = {isa = PBXBuildFile; fileRef = 7AED712428F9D3D100336B56 /* libraryExample.json */; };
		7AED712C28F9FF8F00336B56 /* SongSource.swift in Sources */ = {isa = PBXBuildFile; fileRef = 7AED712B28F9FF8F00336B56 /* SongSource.swift */; };
		7AED712E28FA201F00336B56 /* UserLibraryViewModel.swift in Sources */ = {isa = PBXBuildFile; fileRef = 7AED712D28FA201F00336B56 /* UserLibraryViewModel.swift */; };
		7AED713028FA21CD00336B56 /* Config.swift in Sources */ = {isa = PBXBuildFile; fileRef = 7AED712F28FA21CC00336B56 /* Config.swift */; };
		7AED713228FB2A1800336B56 /* DropViewDelegate.swift in Sources */ = {isa = PBXBuildFile; fileRef = 7AED713128FB2A1800336B56 /* DropViewDelegate.swift */; };
		7AED713428FB43FA00336B56 /* Lanes.swift in Sources */ = {isa = PBXBuildFile; fileRef = 7AED713328FB43FA00336B56 /* Lanes.swift */; };
		7AED713628FC6A0A00336B56 /* Region.swift in Sources */ = {isa = PBXBuildFile; fileRef = 7AED713528FC6A0A00336B56 /* Region.swift */; };
		7AED713828FC6F9000336B56 /* generateRequestExample.json in Resources */ = {isa = PBXBuildFile; fileRef = 7AED713728FC6F9000336B56 /* generateRequestExample.json */; };
		7AED713A28FC6FD900336B56 /* MashupViewModel.swift in Sources */ = {isa = PBXBuildFile; fileRef = 7AED713928FC6FD900336B56 /* MashupViewModel.swift */; };
		7AED713C28FCC93C00336B56 /* BarAxisView.swift in Sources */ = {isa = PBXBuildFile; fileRef = 7AED713B28FCC93C00336B56 /* BarAxisView.swift */; };
		7AED714028FD04E300336B56 /* MashupFileManager.swift in Sources */ = {isa = PBXBuildFile; fileRef = 7AED713F28FD04E300336B56 /* MashupFileManager.swift */; };
		7AED714228FD0DF300336B56 /* TaskStatus.swift in Sources */ = {isa = PBXBuildFile; fileRef = 7AED714128FD0DF300336B56 /* TaskStatus.swift */; };
		7AED714428FD2F7E00336B56 /* PlayHeadView.swift in Sources */ = {isa = PBXBuildFile; fileRef = 7AED714328FD2F7E00336B56 /* PlayHeadView.swift */; };
		7AED714628FDC68900336B56 /* AudioManager.swift in Sources */ = {isa = PBXBuildFile; fileRef = 7AED714528FDC68900336B56 /* AudioManager.swift */; };
		7AED714828FE110F00336B56 /* SearchBarView.swift in Sources */ = {isa = PBXBuildFile; fileRef = 7AED714728FE110F00336B56 /* SearchBarView.swift */; };
		7AED714C28FF419700336B56 /* HistoryView.swift in Sources */ = {isa = PBXBuildFile; fileRef = 7AED714B28FF419700336B56 /* HistoryView.swift */; };
		7AED714E28FF4A6C00336B56 /* History.swift in Sources */ = {isa = PBXBuildFile; fileRef = 7AED714D28FF4A6C00336B56 /* History.swift */; };
		7AED715028FF4B2C00336B56 /* HistoryViewModel.swift in Sources */ = {isa = PBXBuildFile; fileRef = 7AED714F28FF4B2C00336B56 /* HistoryViewModel.swift */; };
/* End PBXBuildFile section */

/* Begin PBXFileReference section */
		7A221D0D2900726200DC949F /* AppError.swift */ = {isa = PBXFileReference; lastKnownFileType = sourcecode.swift; path = AppError.swift; sourceTree = "<group>"; };
		7A25ECDC28F83F6700B2396A /* Mixboard.app */ = {isa = PBXFileReference; explicitFileType = wrapper.application; includeInIndex = 0; path = Mixboard.app; sourceTree = BUILT_PRODUCTS_DIR; };
		7A25ECDF28F83F6700B2396A /* MixboardApp.swift */ = {isa = PBXFileReference; lastKnownFileType = sourcecode.swift; path = MixboardApp.swift; sourceTree = "<group>"; };
		7A25ECE128F83F6700B2396A /* MashupView.swift */ = {isa = PBXFileReference; lastKnownFileType = sourcecode.swift; path = MashupView.swift; sourceTree = "<group>"; };
		7A25ECE328F83F6800B2396A /* Assets.xcassets */ = {isa = PBXFileReference; lastKnownFileType = folder.assetcatalog; path = Assets.xcassets; sourceTree = "<group>"; };
		7A25ECE628F83F6800B2396A /* Preview Assets.xcassets */ = {isa = PBXFileReference; lastKnownFileType = folder.assetcatalog; path = "Preview Assets.xcassets"; sourceTree = "<group>"; };
		7A25ECED28F83F9C00B2396A /* UserLibraryView.swift */ = {isa = PBXFileReference; lastKnownFileType = sourcecode.swift; path = UserLibraryView.swift; sourceTree = "<group>"; };
		7A25ECEF28F83FA800B2396A /* LibraryView.swift */ = {isa = PBXFileReference; lastKnownFileType = sourcecode.swift; path = LibraryView.swift; sourceTree = "<group>"; };
		7A25ECF128F83FB500B2396A /* ToolbarView.swift */ = {isa = PBXFileReference; lastKnownFileType = sourcecode.swift; path = ToolbarView.swift; sourceTree = "<group>"; };
		7A25ECF328F83FD800B2396A /* TracksView.swift */ = {isa = PBXFileReference; lastKnownFileType = sourcecode.swift; path = TracksView.swift; sourceTree = "<group>"; };
		7A25ECF728F84DE600B2396A /* Spotify.swift */ = {isa = PBXFileReference; lastKnownFileType = sourcecode.swift; path = Spotify.swift; sourceTree = "<group>"; };
		7A25ECF928F84EC500B2396A /* Library.swift */ = {isa = PBXFileReference; lastKnownFileType = sourcecode.swift; path = Library.swift; sourceTree = "<group>"; };
		7A25ECFF28F8942800B2396A /* SongCardView.swift */ = {isa = PBXFileReference; lastKnownFileType = sourcecode.swift; path = SongCardView.swift; sourceTree = "<group>"; };
		7A25ED0428F8A27700B2396A /* SpotifyViewModel.swift */ = {isa = PBXFileReference; lastKnownFileType = sourcecode.swift; path = SpotifyViewModel.swift; sourceTree = "<group>"; };
		7A25ED0628F8A41F00B2396A /* Extensions.swift */ = {isa = PBXFileReference; lastKnownFileType = sourcecode.swift; path = Extensions.swift; sourceTree = "<group>"; };
		7A25ED0828F8E51600B2396A /* ImageView.swift */ = {isa = PBXFileReference; lastKnownFileType = sourcecode.swift; path = ImageView.swift; sourceTree = "<group>"; };
		7A25ED0A28F8E65600B2396A /* ImageViewModel.swift */ = {isa = PBXFileReference; lastKnownFileType = sourcecode.swift; path = ImageViewModel.swift; sourceTree = "<group>"; };
		7A3291782901B946007AF70F /* LuckyMeTemplates.json */ = {isa = PBXFileReference; lastKnownFileType = text.json; path = LuckyMeTemplates.json; sourceTree = "<group>"; };
		7A32917A2901C769007AF70F /* LuckyMeTemplates.swift */ = {isa = PBXFileReference; lastKnownFileType = sourcecode.swift; path = LuckyMeTemplates.swift; sourceTree = "<group>"; };
		7A32917C2901CBB7007AF70F /* LuckyMeManager.swift */ = {isa = PBXFileReference; lastKnownFileType = sourcecode.swift; path = LuckyMeManager.swift; sourceTree = "<group>"; };
		7A5658E8291034600065000C /* Info.plist */ = {isa = PBXFileReference; fileEncoding = 4; lastKnownFileType = text.plist.xml; name = Info.plist; path = Mixboard/Info.plist; sourceTree = SOURCE_ROOT; };
		7A75C322290D87A000AB2134 /* Audio.swift */ = {isa = PBXFileReference; lastKnownFileType = sourcecode.swift; path = Audio.swift; sourceTree = "<group>"; };
		7A8AD5432906F059001AE70F /* HapticManager.swift */ = {isa = PBXFileReference; lastKnownFileType = sourcecode.swift; path = HapticManager.swift; sourceTree = "<group>"; };
		7AED711E28F99D1300336B56 /* LibraryViewModel.swift */ = {isa = PBXFileReference; lastKnownFileType = sourcecode.swift; path = LibraryViewModel.swift; sourceTree = "<group>"; };
		7AED712028F9CF4A00336B56 /* songExample.json */ = {isa = PBXFileReference; lastKnownFileType = text.json; path = songExample.json; sourceTree = "<group>"; };
		7AED712428F9D3D100336B56 /* libraryExample.json */ = {isa = PBXFileReference; lastKnownFileType = text.json; path = libraryExample.json; sourceTree = "<group>"; };
		7AED712B28F9FF8F00336B56 /* SongSource.swift */ = {isa = PBXFileReference; lastKnownFileType = sourcecode.swift; path = SongSource.swift; sourceTree = "<group>"; };
		7AED712D28FA201F00336B56 /* UserLibraryViewModel.swift */ = {isa = PBXFileReference; lastKnownFileType = sourcecode.swift; path = UserLibraryViewModel.swift; sourceTree = "<group>"; };
		7AED712F28FA21CC00336B56 /* Config.swift */ = {isa = PBXFileReference; lastKnownFileType = sourcecode.swift; path = Config.swift; sourceTree = "<group>"; };
		7AED713128FB2A1800336B56 /* DropViewDelegate.swift */ = {isa = PBXFileReference; lastKnownFileType = sourcecode.swift; path = DropViewDelegate.swift; sourceTree = "<group>"; };
		7AED713328FB43FA00336B56 /* Lanes.swift */ = {isa = PBXFileReference; lastKnownFileType = sourcecode.swift; path = Lanes.swift; sourceTree = "<group>"; };
		7AED713528FC6A0A00336B56 /* Region.swift */ = {isa = PBXFileReference; lastKnownFileType = sourcecode.swift; path = Region.swift; sourceTree = "<group>"; };
		7AED713728FC6F9000336B56 /* generateRequestExample.json */ = {isa = PBXFileReference; fileEncoding = 4; lastKnownFileType = text.json; path = generateRequestExample.json; sourceTree = "<group>"; };
		7AED713928FC6FD900336B56 /* MashupViewModel.swift */ = {isa = PBXFileReference; lastKnownFileType = sourcecode.swift; path = MashupViewModel.swift; sourceTree = "<group>"; };
		7AED713B28FCC93C00336B56 /* BarAxisView.swift */ = {isa = PBXFileReference; lastKnownFileType = sourcecode.swift; path = BarAxisView.swift; sourceTree = "<group>"; };
		7AED713F28FD04E300336B56 /* MashupFileManager.swift */ = {isa = PBXFileReference; lastKnownFileType = sourcecode.swift; path = MashupFileManager.swift; sourceTree = "<group>"; };
		7AED714128FD0DF300336B56 /* TaskStatus.swift */ = {isa = PBXFileReference; lastKnownFileType = sourcecode.swift; path = TaskStatus.swift; sourceTree = "<group>"; };
		7AED714328FD2F7E00336B56 /* PlayHeadView.swift */ = {isa = PBXFileReference; lastKnownFileType = sourcecode.swift; path = PlayHeadView.swift; sourceTree = "<group>"; };
		7AED714528FDC68900336B56 /* AudioManager.swift */ = {isa = PBXFileReference; lastKnownFileType = sourcecode.swift; path = AudioManager.swift; sourceTree = "<group>"; };
		7AED714728FE110F00336B56 /* SearchBarView.swift */ = {isa = PBXFileReference; lastKnownFileType = sourcecode.swift; path = SearchBarView.swift; sourceTree = "<group>"; };
		7AED714B28FF419700336B56 /* HistoryView.swift */ = {isa = PBXFileReference; lastKnownFileType = sourcecode.swift; path = HistoryView.swift; sourceTree = "<group>"; };
		7AED714D28FF4A6C00336B56 /* History.swift */ = {isa = PBXFileReference; lastKnownFileType = sourcecode.swift; path = History.swift; sourceTree = "<group>"; };
		7AED714F28FF4B2C00336B56 /* HistoryViewModel.swift */ = {isa = PBXFileReference; lastKnownFileType = sourcecode.swift; path = HistoryViewModel.swift; sourceTree = "<group>"; };
/* End PBXFileReference section */

/* Begin PBXFrameworksBuildPhase section */
		7A25ECD928F83F6700B2396A /* Frameworks */ = {
			isa = PBXFrameworksBuildPhase;
			buildActionMask = 2147483647;
			files = (
			);
			runOnlyForDeploymentPostprocessing = 0;
		};
/* End PBXFrameworksBuildPhase section */

/* Begin PBXGroup section */
		7A25ECD328F83F6700B2396A = {
			isa = PBXGroup;
			children = (
				7A25ECDE28F83F6700B2396A /* Mixboard */,
				7A25ECDD28F83F6700B2396A /* Products */,
			);
			sourceTree = "<group>";
		};
		7A25ECDD28F83F6700B2396A /* Products */ = {
			isa = PBXGroup;
			children = (
				7A25ECDC28F83F6700B2396A /* Mixboard.app */,
			);
			name = Products;
			sourceTree = "<group>";
		};
		7A25ECDE28F83F6700B2396A /* Mixboard */ = {
			isa = PBXGroup;
			children = (
				7A5658E8291034600065000C /* Info.plist */,
				7A8AD5422906F03F001AE70F /* Manager */,
				7A25ECF528F8408C00B2396A /* View */,
				7A25ECF628F84DD900B2396A /* Model */,
				7A25ED0128F8A25000B2396A /* ViewModel */,
				7A25ECDF28F83F6700B2396A /* MixboardApp.swift */,
				7A25ECE328F83F6800B2396A /* Assets.xcassets */,
				7A25ECE528F83F6800B2396A /* Preview Content */,
				7A25ED0628F8A41F00B2396A /* Extensions.swift */,
				7AED712F28FA21CC00336B56 /* Config.swift */,
				7A3291782901B946007AF70F /* LuckyMeTemplates.json */,
			);
			path = Mixboard;
			sourceTree = "<group>";
		};
		7A25ECE528F83F6800B2396A /* Preview Content */ = {
			isa = PBXGroup;
			children = (
				7AED713728FC6F9000336B56 /* generateRequestExample.json */,
				7AED712028F9CF4A00336B56 /* songExample.json */,
				7A25ECE628F83F6800B2396A /* Preview Assets.xcassets */,
				7AED712428F9D3D100336B56 /* libraryExample.json */,
			);
			path = "Preview Content";
			sourceTree = "<group>";
		};
		7A25ECF528F8408C00B2396A /* View */ = {
			isa = PBXGroup;
			children = (
				7A25ECE128F83F6700B2396A /* MashupView.swift */,
				7A25ECF328F83FD800B2396A /* TracksView.swift */,
				7A25ECF128F83FB500B2396A /* ToolbarView.swift */,
				7A25ECEF28F83FA800B2396A /* LibraryView.swift */,
				7A25ECED28F83F9C00B2396A /* UserLibraryView.swift */,
				7A25ECFF28F8942800B2396A /* SongCardView.swift */,
				7A25ED0828F8E51600B2396A /* ImageView.swift */,
				7AED713B28FCC93C00336B56 /* BarAxisView.swift */,
				7AED714328FD2F7E00336B56 /* PlayHeadView.swift */,
				7AED714728FE110F00336B56 /* SearchBarView.swift */,
				7AED714B28FF419700336B56 /* HistoryView.swift */,
			);
			path = View;
			sourceTree = "<group>";
		};
		7A25ECF628F84DD900B2396A /* Model */ = {
			isa = PBXGroup;
			children = (
				7A25ECF728F84DE600B2396A /* Spotify.swift */,
				7A25ECF928F84EC500B2396A /* Library.swift */,
				7AED712B28F9FF8F00336B56 /* SongSource.swift */,
				7AED713328FB43FA00336B56 /* Lanes.swift */,
				7AED713528FC6A0A00336B56 /* Region.swift */,
				7AED714128FD0DF300336B56 /* TaskStatus.swift */,
				7AED714D28FF4A6C00336B56 /* History.swift */,
				7A221D0D2900726200DC949F /* AppError.swift */,
				7A32917A2901C769007AF70F /* LuckyMeTemplates.swift */,
				7A75C322290D87A000AB2134 /* Audio.swift */,
			);
			path = Model;
			sourceTree = "<group>";
		};
		7A25ED0128F8A25000B2396A /* ViewModel */ = {
			isa = PBXGroup;
			children = (
				7A25ED0428F8A27700B2396A /* SpotifyViewModel.swift */,
				7A25ED0A28F8E65600B2396A /* ImageViewModel.swift */,
				7AED711E28F99D1300336B56 /* LibraryViewModel.swift */,
				7AED712D28FA201F00336B56 /* UserLibraryViewModel.swift */,
				7AED713128FB2A1800336B56 /* DropViewDelegate.swift */,
				7AED713928FC6FD900336B56 /* MashupViewModel.swift */,
				7AED714F28FF4B2C00336B56 /* HistoryViewModel.swift */,
			);
			path = ViewModel;
			sourceTree = "<group>";
		};
		7A8AD5422906F03F001AE70F /* Manager */ = {
			isa = PBXGroup;
			children = (
				7AED713F28FD04E300336B56 /* MashupFileManager.swift */,
				7AED714528FDC68900336B56 /* AudioManager.swift */,
				7A32917C2901CBB7007AF70F /* LuckyMeManager.swift */,
				7A8AD5432906F059001AE70F /* HapticManager.swift */,
			);
			path = Manager;
			sourceTree = "<group>";
		};
/* End PBXGroup section */

/* Begin PBXNativeTarget section */
		7A25ECDB28F83F6700B2396A /* Mixboard */ = {
			isa = PBXNativeTarget;
			buildConfigurationList = 7A25ECEA28F83F6800B2396A /* Build configuration list for PBXNativeTarget "Mixboard" */;
			buildPhases = (
				7A25ECD828F83F6700B2396A /* Sources */,
				7A25ECD928F83F6700B2396A /* Frameworks */,
				7A25ECDA28F83F6700B2396A /* Resources */,
			);
			buildRules = (
			);
			dependencies = (
			);
			name = Mixboard;
			packageProductDependencies = (
			);
			productName = Mashup;
			productReference = 7A25ECDC28F83F6700B2396A /* Mixboard.app */;
			productType = "com.apple.product-type.application";
		};
/* End PBXNativeTarget section */

/* Begin PBXProject section */
		7A25ECD428F83F6700B2396A /* Project object */ = {
			isa = PBXProject;
			attributes = {
				BuildIndependentTargetsInParallel = 1;
				LastSwiftUpdateCheck = 1400;
				LastUpgradeCheck = 1400;
				TargetAttributes = {
					7A25ECDB28F83F6700B2396A = {
						CreatedOnToolsVersion = 14.0.1;
					};
				};
			};
			buildConfigurationList = 7A25ECD728F83F6700B2396A /* Build configuration list for PBXProject "Mixboard" */;
			compatibilityVersion = "Xcode 14.0";
			developmentRegion = en;
			hasScannedForEncodings = 0;
			knownRegions = (
				en,
				Base,
			);
			mainGroup = 7A25ECD328F83F6700B2396A;
			packageReferences = (
			);
			productRefGroup = 7A25ECDD28F83F6700B2396A /* Products */;
			projectDirPath = "";
			projectRoot = "";
			targets = (
				7A25ECDB28F83F6700B2396A /* Mixboard */,
			);
		};
/* End PBXProject section */

/* Begin PBXResourcesBuildPhase section */
		7A25ECDA28F83F6700B2396A /* Resources */ = {
			isa = PBXResourcesBuildPhase;
			buildActionMask = 2147483647;
			files = (
				7A3291792901B946007AF70F /* LuckyMeTemplates.json in Resources */,
				7AED712528F9D3D100336B56 /* libraryExample.json in Resources */,
				7A25ECE728F83F6800B2396A /* Preview Assets.xcassets in Resources */,
				7AED712128F9CF4A00336B56 /* songExample.json in Resources */,
				7A25ECE428F83F6800B2396A /* Assets.xcassets in Resources */,
				7AED713828FC6F9000336B56 /* generateRequestExample.json in Resources */,
			);
			runOnlyForDeploymentPostprocessing = 0;
		};
/* End PBXResourcesBuildPhase section */

/* Begin PBXSourcesBuildPhase section */
		7A25ECD828F83F6700B2396A /* Sources */ = {
			isa = PBXSourcesBuildPhase;
			buildActionMask = 2147483647;
			files = (
				7A25ED0B28F8E65600B2396A /* ImageViewModel.swift in Sources */,
				7A25ECF028F83FA800B2396A /* LibraryView.swift in Sources */,
				7A32917B2901C769007AF70F /* LuckyMeTemplates.swift in Sources */,
				7AED714428FD2F7E00336B56 /* PlayHeadView.swift in Sources */,
				7AED714C28FF419700336B56 /* HistoryView.swift in Sources */,
				7A25ECF228F83FB500B2396A /* ToolbarView.swift in Sources */,
				7AED713628FC6A0A00336B56 /* Region.swift in Sources */,
				7AED712C28F9FF8F00336B56 /* SongSource.swift in Sources */,
				7AED714228FD0DF300336B56 /* TaskStatus.swift in Sources */,
				7A25ED0028F8942800B2396A /* SongCardView.swift in Sources */,
				7AED712E28FA201F00336B56 /* UserLibraryViewModel.swift in Sources */,
				7A32917D2901CBB7007AF70F /* LuckyMeManager.swift in Sources */,
				7A25ED0928F8E51600B2396A /* ImageView.swift in Sources */,
				7A25ECF828F84DE600B2396A /* Spotify.swift in Sources */,
				7A25ECE228F83F6700B2396A /* MashupView.swift in Sources */,
				7A221D0E2900726200DC949F /* AppError.swift in Sources */,
				7A8AD5442906F059001AE70F /* HapticManager.swift in Sources */,
				7AED713A28FC6FD900336B56 /* MashupViewModel.swift in Sources */,
				7AED715028FF4B2C00336B56 /* HistoryViewModel.swift in Sources */,
				7AED713028FA21CD00336B56 /* Config.swift in Sources */,
				7A25ECEE28F83F9C00B2396A /* UserLibraryView.swift in Sources */,
				7AED713428FB43FA00336B56 /* Lanes.swift in Sources */,
				7AED714028FD04E300336B56 /* MashupFileManager.swift in Sources */,
				7A25ED0728F8A41F00B2396A /* Extensions.swift in Sources */,
				7A25ED0528F8A27700B2396A /* SpotifyViewModel.swift in Sources */,
				7A25ECFA28F84EC500B2396A /* Library.swift in Sources */,
				7AED713228FB2A1800336B56 /* DropViewDelegate.swift in Sources */,
				7A25ECF428F83FD800B2396A /* TracksView.swift in Sources */,
				7AED714E28FF4A6C00336B56 /* History.swift in Sources */,
				7AED711F28F99D1300336B56 /* LibraryViewModel.swift in Sources */,
				7AED714828FE110F00336B56 /* SearchBarView.swift in Sources */,
				7AED714628FDC68900336B56 /* AudioManager.swift in Sources */,
				7A25ECE028F83F6700B2396A /* MixboardApp.swift in Sources */,
				7AED713C28FCC93C00336B56 /* BarAxisView.swift in Sources */,
				7A75C323290D87A000AB2134 /* Audio.swift in Sources */,
			);
			runOnlyForDeploymentPostprocessing = 0;
		};
/* End PBXSourcesBuildPhase section */

/* Begin XCBuildConfiguration section */
		7A25ECE828F83F6800B2396A /* Debug */ = {
			isa = XCBuildConfiguration;
			buildSettings = {
				ALWAYS_SEARCH_USER_PATHS = NO;
				CLANG_ANALYZER_NONNULL = YES;
				CLANG_ANALYZER_NUMBER_OBJECT_CONVERSION = YES_AGGRESSIVE;
				CLANG_CXX_LANGUAGE_STANDARD = "gnu++20";
				CLANG_ENABLE_MODULES = YES;
				CLANG_ENABLE_OBJC_ARC = YES;
				CLANG_ENABLE_OBJC_WEAK = YES;
				CLANG_WARN_BLOCK_CAPTURE_AUTORELEASING = YES;
				CLANG_WARN_BOOL_CONVERSION = YES;
				CLANG_WARN_COMMA = YES;
				CLANG_WARN_CONSTANT_CONVERSION = YES;
				CLANG_WARN_DEPRECATED_OBJC_IMPLEMENTATIONS = YES;
				CLANG_WARN_DIRECT_OBJC_ISA_USAGE = YES_ERROR;
				CLANG_WARN_DOCUMENTATION_COMMENTS = YES;
				CLANG_WARN_EMPTY_BODY = YES;
				CLANG_WARN_ENUM_CONVERSION = YES;
				CLANG_WARN_INFINITE_RECURSION = YES;
				CLANG_WARN_INT_CONVERSION = YES;
				CLANG_WARN_NON_LITERAL_NULL_CONVERSION = YES;
				CLANG_WARN_OBJC_IMPLICIT_RETAIN_SELF = YES;
				CLANG_WARN_OBJC_LITERAL_CONVERSION = YES;
				CLANG_WARN_OBJC_ROOT_CLASS = YES_ERROR;
				CLANG_WARN_QUOTED_INCLUDE_IN_FRAMEWORK_HEADER = YES;
				CLANG_WARN_RANGE_LOOP_ANALYSIS = YES;
				CLANG_WARN_STRICT_PROTOTYPES = YES;
				CLANG_WARN_SUSPICIOUS_MOVE = YES;
				CLANG_WARN_UNGUARDED_AVAILABILITY = YES_AGGRESSIVE;
				CLANG_WARN_UNREACHABLE_CODE = YES;
				CLANG_WARN__DUPLICATE_METHOD_MATCH = YES;
				COPY_PHASE_STRIP = NO;
				DEBUG_INFORMATION_FORMAT = dwarf;
				ENABLE_STRICT_OBJC_MSGSEND = YES;
				ENABLE_TESTABILITY = YES;
				GCC_C_LANGUAGE_STANDARD = gnu11;
				GCC_DYNAMIC_NO_PIC = NO;
				GCC_NO_COMMON_BLOCKS = YES;
				GCC_OPTIMIZATION_LEVEL = 0;
				GCC_PREPROCESSOR_DEFINITIONS = (
					"DEBUG=1",
					"$(inherited)",
				);
				GCC_WARN_64_TO_32_BIT_CONVERSION = YES;
				GCC_WARN_ABOUT_RETURN_TYPE = YES_ERROR;
				GCC_WARN_UNDECLARED_SELECTOR = YES;
				GCC_WARN_UNINITIALIZED_AUTOS = YES_AGGRESSIVE;
				GCC_WARN_UNUSED_FUNCTION = YES;
				GCC_WARN_UNUSED_VARIABLE = YES;
				IPHONEOS_DEPLOYMENT_TARGET = 16.0;
				MTL_ENABLE_DEBUG_INFO = INCLUDE_SOURCE;
				MTL_FAST_MATH = YES;
				ONLY_ACTIVE_ARCH = YES;
				SDKROOT = iphoneos;
				SWIFT_ACTIVE_COMPILATION_CONDITIONS = DEBUG;
				SWIFT_OPTIMIZATION_LEVEL = "-Onone";
			};
			name = Debug;
		};
		7A25ECE928F83F6800B2396A /* Release */ = {
			isa = XCBuildConfiguration;
			buildSettings = {
				ALWAYS_SEARCH_USER_PATHS = NO;
				CLANG_ANALYZER_NONNULL = YES;
				CLANG_ANALYZER_NUMBER_OBJECT_CONVERSION = YES_AGGRESSIVE;
				CLANG_CXX_LANGUAGE_STANDARD = "gnu++20";
				CLANG_ENABLE_MODULES = YES;
				CLANG_ENABLE_OBJC_ARC = YES;
				CLANG_ENABLE_OBJC_WEAK = YES;
				CLANG_WARN_BLOCK_CAPTURE_AUTORELEASING = YES;
				CLANG_WARN_BOOL_CONVERSION = YES;
				CLANG_WARN_COMMA = YES;
				CLANG_WARN_CONSTANT_CONVERSION = YES;
				CLANG_WARN_DEPRECATED_OBJC_IMPLEMENTATIONS = YES;
				CLANG_WARN_DIRECT_OBJC_ISA_USAGE = YES_ERROR;
				CLANG_WARN_DOCUMENTATION_COMMENTS = YES;
				CLANG_WARN_EMPTY_BODY = YES;
				CLANG_WARN_ENUM_CONVERSION = YES;
				CLANG_WARN_INFINITE_RECURSION = YES;
				CLANG_WARN_INT_CONVERSION = YES;
				CLANG_WARN_NON_LITERAL_NULL_CONVERSION = YES;
				CLANG_WARN_OBJC_IMPLICIT_RETAIN_SELF = YES;
				CLANG_WARN_OBJC_LITERAL_CONVERSION = YES;
				CLANG_WARN_OBJC_ROOT_CLASS = YES_ERROR;
				CLANG_WARN_QUOTED_INCLUDE_IN_FRAMEWORK_HEADER = YES;
				CLANG_WARN_RANGE_LOOP_ANALYSIS = YES;
				CLANG_WARN_STRICT_PROTOTYPES = YES;
				CLANG_WARN_SUSPICIOUS_MOVE = YES;
				CLANG_WARN_UNGUARDED_AVAILABILITY = YES_AGGRESSIVE;
				CLANG_WARN_UNREACHABLE_CODE = YES;
				CLANG_WARN__DUPLICATE_METHOD_MATCH = YES;
				COPY_PHASE_STRIP = NO;
				DEBUG_INFORMATION_FORMAT = "dwarf-with-dsym";
				ENABLE_NS_ASSERTIONS = NO;
				ENABLE_STRICT_OBJC_MSGSEND = YES;
				GCC_C_LANGUAGE_STANDARD = gnu11;
				GCC_NO_COMMON_BLOCKS = YES;
				GCC_WARN_64_TO_32_BIT_CONVERSION = YES;
				GCC_WARN_ABOUT_RETURN_TYPE = YES_ERROR;
				GCC_WARN_UNDECLARED_SELECTOR = YES;
				GCC_WARN_UNINITIALIZED_AUTOS = YES_AGGRESSIVE;
				GCC_WARN_UNUSED_FUNCTION = YES;
				GCC_WARN_UNUSED_VARIABLE = YES;
				IPHONEOS_DEPLOYMENT_TARGET = 16.0;
				MTL_ENABLE_DEBUG_INFO = NO;
				MTL_FAST_MATH = YES;
				SDKROOT = iphoneos;
				SWIFT_COMPILATION_MODE = wholemodule;
				SWIFT_OPTIMIZATION_LEVEL = "-O";
				VALIDATE_PRODUCT = YES;
			};
			name = Release;
		};
		7A25ECEB28F83F6800B2396A /* Debug */ = {
			isa = XCBuildConfiguration;
			buildSettings = {
				ASSETCATALOG_COMPILER_APPICON_NAME = AppIcon;
				ASSETCATALOG_COMPILER_GLOBAL_ACCENT_COLOR_NAME = AccentColor;
				CODE_SIGN_STYLE = Automatic;
				CURRENT_PROJECT_VERSION = 1;
				DEVELOPMENT_ASSET_PATHS = "\"Mixboard/Preview Content\"";
				DEVELOPMENT_TEAM = 35A3E26LB3;
				ENABLE_PREVIEWS = YES;
				GENERATE_INFOPLIST_FILE = YES;
				INFOPLIST_FILE = Mixboard/Info.plist;
				INFOPLIST_KEY_CFBundleDisplayName = Mixboard;
				INFOPLIST_KEY_LSApplicationCategoryType = "public.app-category.music";
				INFOPLIST_KEY_UIApplicationSceneManifest_Generation = YES;
				INFOPLIST_KEY_UIApplicationSupportsIndirectInputEvents = YES;
				INFOPLIST_KEY_UILaunchScreen_Generation = YES;
				INFOPLIST_KEY_UIRequiresFullScreen = NO;
				INFOPLIST_KEY_UIStatusBarStyle = UIStatusBarStyleDefault;
				INFOPLIST_KEY_UISupportedInterfaceOrientations = "UIInterfaceOrientationLandscapeLeft UIInterfaceOrientationLandscapeRight";
				INFOPLIST_KEY_UISupportedInterfaceOrientations_iPad = "UIInterfaceOrientationLandscapeLeft UIInterfaceOrientationLandscapeRight UIInterfaceOrientationPortrait UIInterfaceOrientationPortraitUpsideDown";
				IPHONEOS_DEPLOYMENT_TARGET = 16.0;
				LD_RUNPATH_SEARCH_PATHS = (
					"$(inherited)",
					"@executable_path/Frameworks",
				);
				MARKETING_VERSION = 0.1.0;
				PRODUCT_BUNDLE_IDENTIFIER = com.techitunes.Mixboard;
				PRODUCT_NAME = "$(TARGET_NAME)";
				SWIFT_EMIT_LOC_STRINGS = YES;
				SWIFT_VERSION = 5.0;
				TARGETED_DEVICE_FAMILY = "1,2";
			};
			name = Debug;
		};
		7A25ECEC28F83F6800B2396A /* Release */ = {
			isa = XCBuildConfiguration;
			buildSettings = {
				ASSETCATALOG_COMPILER_APPICON_NAME = AppIcon;
				ASSETCATALOG_COMPILER_GLOBAL_ACCENT_COLOR_NAME = AccentColor;
				CODE_SIGN_STYLE = Automatic;
				CURRENT_PROJECT_VERSION = 1;
				DEVELOPMENT_ASSET_PATHS = "\"Mixboard/Preview Content\"";
				DEVELOPMENT_TEAM = 35A3E26LB3;
				ENABLE_PREVIEWS = YES;
				GENERATE_INFOPLIST_FILE = YES;
				INFOPLIST_FILE = Mixboard/Info.plist;
				INFOPLIST_KEY_CFBundleDisplayName = Mixboard;
				INFOPLIST_KEY_LSApplicationCategoryType = "public.app-category.music";
				INFOPLIST_KEY_UIApplicationSceneManifest_Generation = YES;
				INFOPLIST_KEY_UIApplicationSupportsIndirectInputEvents = YES;
				INFOPLIST_KEY_UILaunchScreen_Generation = YES;
				INFOPLIST_KEY_UIRequiresFullScreen = NO;
				INFOPLIST_KEY_UIStatusBarStyle = UIStatusBarStyleDefault;
				INFOPLIST_KEY_UISupportedInterfaceOrientations = "UIInterfaceOrientationLandscapeLeft UIInterfaceOrientationLandscapeRight";
				INFOPLIST_KEY_UISupportedInterfaceOrientations_iPad = "UIInterfaceOrientationLandscapeLeft UIInterfaceOrientationLandscapeRight UIInterfaceOrientationPortrait UIInterfaceOrientationPortraitUpsideDown";
				IPHONEOS_DEPLOYMENT_TARGET = 16.0;
				LD_RUNPATH_SEARCH_PATHS = (
					"$(inherited)",
					"@executable_path/Frameworks",
				);
				MARKETING_VERSION = 0.1.0;
				PRODUCT_BUNDLE_IDENTIFIER = com.techitunes.Mixboard;
				PRODUCT_NAME = "$(TARGET_NAME)";
				SWIFT_EMIT_LOC_STRINGS = YES;
				SWIFT_VERSION = 5.0;
				TARGETED_DEVICE_FAMILY = "1,2";
			};
			name = Release;
		};
/* End XCBuildConfiguration section */

/* Begin XCConfigurationList section */
		7A25ECD728F83F6700B2396A /* Build configuration list for PBXProject "Mixboard" */ = {
			isa = XCConfigurationList;
			buildConfigurations = (
				7A25ECE828F83F6800B2396A /* Debug */,
				7A25ECE928F83F6800B2396A /* Release */,
			);
			defaultConfigurationIsVisible = 0;
			defaultConfigurationName = Release;
		};
		7A25ECEA28F83F6800B2396A /* Build configuration list for PBXNativeTarget "Mixboard" */ = {
			isa = XCConfigurationList;
			buildConfigurations = (
				7A25ECEB28F83F6800B2396A /* Debug */,
				7A25ECEC28F83F6800B2396A /* Release */,
			);
			defaultConfigurationIsVisible = 0;
			defaultConfigurationName = Release;
		};
/* End XCConfigurationList section */
	};
	rootObject = 7A25ECD428F83F6700B2396A /* Project object */;
}
